// !$*UTF8*$!
{
	archiveVersion = 1;
	classes = {
	};
	objectVersion = 50;
	objects = {

/* Begin PBXBuildFile section */
		11A4503C262AF87A003B085E /* AppDelegate.swift in Sources */ = {isa = PBXBuildFile; fileRef = 11A4503B262AF87A003B085E /* AppDelegate.swift */; };
		11A4503E262AF87A003B085E /* SceneDelegate.swift in Sources */ = {isa = PBXBuildFile; fileRef = 11A4503D262AF87A003B085E /* SceneDelegate.swift */; };
		11A45040262AF87A003B085E /* ViewController.swift in Sources */ = {isa = PBXBuildFile; fileRef = 11A4503F262AF87A003B085E /* ViewController.swift */; };
		11A45043262AF87A003B085E /* Main.storyboard in Resources */ = {isa = PBXBuildFile; fileRef = 11A45041262AF87A003B085E /* Main.storyboard */; };
		11A45045262AF87D003B085E /* Assets.xcassets in Resources */ = {isa = PBXBuildFile; fileRef = 11A45044262AF87D003B085E /* Assets.xcassets */; };
		11A45048262AF87D003B085E /* LaunchScreen.storyboard in Resources */ = {isa = PBXBuildFile; fileRef = 11A45046262AF87D003B085E /* LaunchScreen.storyboard */; };
		11A45053262AF87E003B085E /* I_am_PoorTests.swift in Sources */ = {isa = PBXBuildFile; fileRef = 11A45052262AF87E003B085E /* I_am_PoorTests.swift */; };
		11A4505E262AF87E003B085E /* I_am_PoorUITests.swift in Sources */ = {isa = PBXBuildFile; fileRef = 11A4505D262AF87E003B085E /* I_am_PoorUITests.swift */; };
/* End PBXBuildFile section */

/* Begin PBXContainerItemProxy section */
		11A4504F262AF87E003B085E /* PBXContainerItemProxy */ = {
			isa = PBXContainerItemProxy;
			containerPortal = 11A45030262AF87A003B085E /* Project object */;
			proxyType = 1;
			remoteGlobalIDString = 11A45037262AF87A003B085E;
			remoteInfo = "I am Poor";
		};
		11A4505A262AF87E003B085E /* PBXContainerItemProxy */ = {
			isa = PBXContainerItemProxy;
			containerPortal = 11A45030262AF87A003B085E /* Project object */;
			proxyType = 1;
			remoteGlobalIDString = 11A45037262AF87A003B085E;
			remoteInfo = "I am Poor";
		};
/* End PBXContainerItemProxy section */

/* Begin PBXFileReference section */
		11A45038262AF87A003B085E /* I am Poor.app */ = {isa = PBXFileReference; explicitFileType = wrapper.application; includeInIndex = 0; path = "I am Poor.app"; sourceTree = BUILT_PRODUCTS_DIR; };
		11A4503B262AF87A003B085E /* AppDelegate.swift */ = {isa = PBXFileReference; lastKnownFileType = sourcecode.swift; path = AppDelegate.swift; sourceTree = "<group>"; };
		11A4503D262AF87A003B085E /* SceneDelegate.swift */ = {isa = PBXFileReference; lastKnownFileType = sourcecode.swift; path = SceneDelegate.swift; sourceTree = "<group>"; };
		11A4503F262AF87A003B085E /* ViewController.swift */ = {isa = PBXFileReference; lastKnownFileType = sourcecode.swift; path = ViewController.swift; sourceTree = "<group>"; };
		11A45042262AF87A003B085E /* Base */ = {isa = PBXFileReference; lastKnownFileType = file.storyboard; name = Base; path = Base.lproj/Main.storyboard; sourceTree = "<group>"; };
		11A45044262AF87D003B085E /* Assets.xcassets */ = {isa = PBXFileReference; lastKnownFileType = folder.assetcatalog; path = Assets.xcassets; sourceTree = "<group>"; };
		11A45047262AF87D003B085E /* Base */ = {isa = PBXFileReference; lastKnownFileType = file.storyboard; name = Base; path = Base.lproj/LaunchScreen.storyboard; sourceTree = "<group>"; };
		11A45049262AF87D003B085E /* Info.plist */ = {isa = PBXFileReference; lastKnownFileType = text.plist.xml; path = Info.plist; sourceTree = "<group>"; };
		11A4504E262AF87E003B085E /* I am PoorTests.xctest */ = {isa = PBXFileReference; explicitFileType = wrapper.cfbundle; includeInIndex = 0; path = "I am PoorTests.xctest"; sourceTree = BUILT_PRODUCTS_DIR; };
		11A45052262AF87E003B085E /* I_am_PoorTests.swift */ = {isa = PBXFileReference; lastKnownFileType = sourcecode.swift; path = I_am_PoorTests.swift; sourceTree = "<group>"; };
		11A45054262AF87E003B085E /* Info.plist */ = {isa = PBXFileReference; lastKnownFileType = text.plist.xml; path = Info.plist; sourceTree = "<group>"; };
		11A45059262AF87E003B085E /* I am PoorUITests.xctest */ = {isa = PBXFileReference; explicitFileType = wrapper.cfbundle; includeInIndex = 0; path = "I am PoorUITests.xctest"; sourceTree = BUILT_PRODUCTS_DIR; };
		11A4505D262AF87E003B085E /* I_am_PoorUITests.swift */ = {isa = PBXFileReference; lastKnownFileType = sourcecode.swift; path = I_am_PoorUITests.swift; sourceTree = "<group>"; };
		11A4505F262AF87E003B085E /* Info.plist */ = {isa = PBXFileReference; lastKnownFileType = text.plist.xml; path = Info.plist; sourceTree = "<group>"; };
/* End PBXFileReference section */

/* Begin PBXFrameworksBuildPhase section */
		11A45035262AF87A003B085E /* Frameworks */ = {
			isa = PBXFrameworksBuildPhase;
			buildActionMask = 2147483647;
			files = (
			);
			runOnlyForDeploymentPostprocessing = 0;
		};
		11A4504B262AF87E003B085E /* Frameworks */ = {
			isa = PBXFrameworksBuildPhase;
			buildActionMask = 2147483647;
			files = (
			);
			runOnlyForDeploymentPostprocessing = 0;
		};
		11A45056262AF87E003B085E /* Frameworks */ = {
			isa = PBXFrameworksBuildPhase;
			buildActionMask = 2147483647;
			files = (
			);
			runOnlyForDeploymentPostprocessing = 0;
		};
/* End PBXFrameworksBuildPhase section */

/* Begin PBXGroup section */
		11A4502F262AF87A003B085E = {
			isa = PBXGroup;
			children = (
				11A4503A262AF87A003B085E /* I am Poor */,
				11A45051262AF87E003B085E /* I am PoorTests */,
				11A4505C262AF87E003B085E /* I am PoorUITests */,
				11A45039262AF87A003B085E /* Products */,
			);
			sourceTree = "<group>";
		};
		11A45039262AF87A003B085E /* Products */ = {
			isa = PBXGroup;
			children = (
				11A45038262AF87A003B085E /* I am Poor.app */,
				11A4504E262AF87E003B085E /* I am PoorTests.xctest */,
				11A45059262AF87E003B085E /* I am PoorUITests.xctest */,
			);
			name = Products;
			sourceTree = "<group>";
		};
		11A4503A262AF87A003B085E /* I am Poor */ = {
			isa = PBXGroup;
			children = (
				11A4503B262AF87A003B085E /* AppDelegate.swift */,
				11A4503D262AF87A003B085E /* SceneDelegate.swift */,
				11A4503F262AF87A003B085E /* ViewController.swift */,
				11A45041262AF87A003B085E /* Main.storyboard */,
				11A45044262AF87D003B085E /* Assets.xcassets */,
				11A45046262AF87D003B085E /* LaunchScreen.storyboard */,
				11A45049262AF87D003B085E /* Info.plist */,
			);
			path = "I am Poor";
			sourceTree = "<group>";
		};
		11A45051262AF87E003B085E /* I am PoorTests */ = {
			isa = PBXGroup;
			children = (
				11A45052262AF87E003B085E /* I_am_PoorTests.swift */,
				11A45054262AF87E003B085E /* Info.plist */,
			);
			path = "I am PoorTests";
			sourceTree = "<group>";
		};
		11A4505C262AF87E003B085E /* I am PoorUITests */ = {
			isa = PBXGroup;
			children = (
				11A4505D262AF87E003B085E /* I_am_PoorUITests.swift */,
				11A4505F262AF87E003B085E /* Info.plist */,
			);
			path = "I am PoorUITests";
			sourceTree = "<group>";
		};
/* End PBXGroup section */

/* Begin PBXNativeTarget section */
		11A45037262AF87A003B085E /* I am Poor */ = {
			isa = PBXNativeTarget;
			buildConfigurationList = 11A45062262AF87E003B085E /* Build configuration list for PBXNativeTarget "I am Poor" */;
			buildPhases = (
				11A45034262AF87A003B085E /* Sources */,
				11A45035262AF87A003B085E /* Frameworks */,
				11A45036262AF87A003B085E /* Resources */,
			);
			buildRules = (
			);
			dependencies = (
			);
			name = "I am Poor";
			productName = "I am Poor";
			productReference = 11A45038262AF87A003B085E /* I am Poor.app */;
			productType = "com.apple.product-type.application";
		};
		11A4504D262AF87E003B085E /* I am PoorTests */ = {
			isa = PBXNativeTarget;
			buildConfigurationList = 11A45065262AF87E003B085E /* Build configuration list for PBXNativeTarget "I am PoorTests" */;
			buildPhases = (
				11A4504A262AF87E003B085E /* Sources */,
				11A4504B262AF87E003B085E /* Frameworks */,
				11A4504C262AF87E003B085E /* Resources */,
			);
			buildRules = (
			);
			dependencies = (
				11A45050262AF87E003B085E /* PBXTargetDependency */,
			);
			name = "I am PoorTests";
			productName = "I am PoorTests";
			productReference = 11A4504E262AF87E003B085E /* I am PoorTests.xctest */;
			productType = "com.apple.product-type.bundle.unit-test";
		};
		11A45058262AF87E003B085E /* I am PoorUITests */ = {
			isa = PBXNativeTarget;
			buildConfigurationList = 11A45068262AF87E003B085E /* Build configuration list for PBXNativeTarget "I am PoorUITests" */;
			buildPhases = (
				11A45055262AF87E003B085E /* Sources */,
				11A45056262AF87E003B085E /* Frameworks */,
				11A45057262AF87E003B085E /* Resources */,
			);
			buildRules = (
			);
			dependencies = (
				11A4505B262AF87E003B085E /* PBXTargetDependency */,
			);
			name = "I am PoorUITests";
			productName = "I am PoorUITests";
			productReference = 11A45059262AF87E003B085E /* I am PoorUITests.xctest */;
			productType = "com.apple.product-type.bundle.ui-testing";
		};
/* End PBXNativeTarget section */

/* Begin PBXProject section */
		11A45030262AF87A003B085E /* Project object */ = {
			isa = PBXProject;
			attributes = {
				LastSwiftUpdateCheck = 1240;
				LastUpgradeCheck = 1240;
				TargetAttributes = {
					11A45037262AF87A003B085E = {
						CreatedOnToolsVersion = 12.4;
					};
					11A4504D262AF87E003B085E = {
						CreatedOnToolsVersion = 12.4;
						TestTargetID = 11A45037262AF87A003B085E;
					};
					11A45058262AF87E003B085E = {
						CreatedOnToolsVersion = 12.4;
						TestTargetID = 11A45037262AF87A003B085E;
					};
				};
			};
			buildConfigurationList = 11A45033262AF87A003B085E /* Build configuration list for PBXProject "I am Poor" */;
			compatibilityVersion = "Xcode 9.3";
			developmentRegion = en;
			hasScannedForEncodings = 0;
			knownRegions = (
				en,
				Base,
			);
			mainGroup = 11A4502F262AF87A003B085E;
			productRefGroup = 11A45039262AF87A003B085E /* Products */;
			projectDirPath = "";
			projectRoot = "";
			targets = (
				11A45037262AF87A003B085E /* I am Poor */,
				11A4504D262AF87E003B085E /* I am PoorTests */,
				11A45058262AF87E003B085E /* I am PoorUITests */,
			);
		};
/* End PBXProject section */

/* Begin PBXResourcesBuildPhase section */
		11A45036262AF87A003B085E /* Resources */ = {
			isa = PBXResourcesBuildPhase;
			buildActionMask = 2147483647;
			files = (
				11A45048262AF87D003B085E /* LaunchScreen.storyboard in Resources */,
				11A45045262AF87D003B085E /* Assets.xcassets in Resources */,
				11A45043262AF87A003B085E /* Main.storyboard in Resources */,
			);
			runOnlyForDeploymentPostprocessing = 0;
		};
		11A4504C262AF87E003B085E /* Resources */ = {
			isa = PBXResourcesBuildPhase;
			buildActionMask = 2147483647;
			files = (
			);
			runOnlyForDeploymentPostprocessing = 0;
		};
		11A45057262AF87E003B085E /* Resources */ = {
			isa = PBXResourcesBuildPhase;
			buildActionMask = 2147483647;
			files = (
			);
			runOnlyForDeploymentPostprocessing = 0;
		};
/* End PBXResourcesBuildPhase section */

/* Begin PBXSourcesBuildPhase section */
		11A45034262AF87A003B085E /* Sources */ = {
			isa = PBXSourcesBuildPhase;
			buildActionMask = 2147483647;
			files = (
				11A45040262AF87A003B085E /* ViewController.swift in Sources */,
				11A4503C262AF87A003B085E /* AppDelegate.swift in Sources */,
				11A4503E262AF87A003B085E /* SceneDelegate.swift in Sources */,
			);
			runOnlyForDeploymentPostprocessing = 0;
		};
		11A4504A262AF87E003B085E /* Sources */ = {
			isa = PBXSourcesBuildPhase;
			buildActionMask = 2147483647;
			files = (
				11A45053262AF87E003B085E /* I_am_PoorTests.swift in Sources */,
			);
			runOnlyForDeploymentPostprocessing = 0;
		};
		11A45055262AF87E003B085E /* Sources */ = {
			isa = PBXSourcesBuildPhase;
			buildActionMask = 2147483647;
			files = (
				11A4505E262AF87E003B085E /* I_am_PoorUITests.swift in Sources */,
			);
			runOnlyForDeploymentPostprocessing = 0;
		};
/* End PBXSourcesBuildPhase section */

/* Begin PBXTargetDependency section */
		11A45050262AF87E003B085E /* PBXTargetDependency */ = {
			isa = PBXTargetDependency;
			target = 11A45037262AF87A003B085E /* I am Poor */;
			targetProxy = 11A4504F262AF87E003B085E /* PBXContainerItemProxy */;
		};
		11A4505B262AF87E003B085E /* PBXTargetDependency */ = {
			isa = PBXTargetDependency;
			target = 11A45037262AF87A003B085E /* I am Poor */;
			targetProxy = 11A4505A262AF87E003B085E /* PBXContainerItemProxy */;
		};
/* End PBXTargetDependency section */

/* Begin PBXVariantGroup section */
		11A45041262AF87A003B085E /* Main.storyboard */ = {
			isa = PBXVariantGroup;
			children = (
				11A45042262AF87A003B085E /* Base */,
			);
			name = Main.storyboard;
			sourceTree = "<group>";
		};
		11A45046262AF87D003B085E /* LaunchScreen.storyboard */ = {
			isa = PBXVariantGroup;
			children = (
				11A45047262AF87D003B085E /* Base */,
			);
			name = LaunchScreen.storyboard;
			sourceTree = "<group>";
		};
/* End PBXVariantGroup section */

/* Begin XCBuildConfiguration section */
		11A45060262AF87E003B085E /* Debug */ = {
			isa = XCBuildConfiguration;
			buildSettings = {
				ALWAYS_SEARCH_USER_PATHS = NO;
				CLANG_ANALYZER_NONNULL = YES;
				CLANG_ANALYZER_NUMBER_OBJECT_CONVERSION = YES_AGGRESSIVE;
				CLANG_CXX_LANGUAGE_STANDARD = "gnu++14";
				CLANG_CXX_LIBRARY = "libc++";
				CLANG_ENABLE_MODULES = YES;
				CLANG_ENABLE_OBJC_ARC = YES;
				CLANG_ENABLE_OBJC_WEAK = YES;
				CLANG_WARN_BLOCK_CAPTURE_AUTORELEASING = YES;
				CLANG_WARN_BOOL_CONVERSION = YES;
				CLANG_WARN_COMMA = YES;
				CLANG_WARN_CONSTANT_CONVERSION = YES;
				CLANG_WARN_DEPRECATED_OBJC_IMPLEMENTATIONS = YES;
				CLANG_WARN_DIRECT_OBJC_ISA_USAGE = YES_ERROR;
				CLANG_WARN_DOCUMENTATION_COMMENTS = YES;
				CLANG_WARN_EMPTY_BODY = YES;
				CLANG_WARN_ENUM_CONVERSION = YES;
				CLANG_WARN_INFINITE_RECURSION = YES;
				CLANG_WARN_INT_CONVERSION = YES;
				CLANG_WARN_NON_LITERAL_NULL_CONVERSION = YES;
				CLANG_WARN_OBJC_IMPLICIT_RETAIN_SELF = YES;
				CLANG_WARN_OBJC_LITERAL_CONVERSION = YES;
				CLANG_WARN_OBJC_ROOT_CLASS = YES_ERROR;
				CLANG_WARN_QUOTED_INCLUDE_IN_FRAMEWORK_HEADER = YES;
				CLANG_WARN_RANGE_LOOP_ANALYSIS = YES;
				CLANG_WARN_STRICT_PROTOTYPES = YES;
				CLANG_WARN_SUSPICIOUS_MOVE = YES;
				CLANG_WARN_UNGUARDED_AVAILABILITY = YES_AGGRESSIVE;
				CLANG_WARN_UNREACHABLE_CODE = YES;
				CLANG_WARN__DUPLICATE_METHOD_MATCH = YES;
				COPY_PHASE_STRIP = NO;
				DEBUG_INFORMATION_FORMAT = dwarf;
				ENABLE_STRICT_OBJC_MSGSEND = YES;
				ENABLE_TESTABILITY = YES;
				GCC_C_LANGUAGE_STANDARD = gnu11;
				GCC_DYNAMIC_NO_PIC = NO;
				GCC_NO_COMMON_BLOCKS = YES;
				GCC_OPTIMIZATION_LEVEL = 0;
				GCC_PREPROCESSOR_DEFINITIONS = (
					"DEBUG=1",
					"$(inherited)",
				);
				GCC_WARN_64_TO_32_BIT_CONVERSION = YES;
				GCC_WARN_ABOUT_RETURN_TYPE = YES_ERROR;
				GCC_WARN_UNDECLARED_SELECTOR = YES;
				GCC_WARN_UNINITIALIZED_AUTOS = YES_AGGRESSIVE;
				GCC_WARN_UNUSED_FUNCTION = YES;
				GCC_WARN_UNUSED_VARIABLE = YES;
				IPHONEOS_DEPLOYMENT_TARGET = 14.4;
				MTL_ENABLE_DEBUG_INFO = INCLUDE_SOURCE;
				MTL_FAST_MATH = YES;
				ONLY_ACTIVE_ARCH = YES;
				SDKROOT = iphoneos;
				SWIFT_ACTIVE_COMPILATION_CONDITIONS = DEBUG;
				SWIFT_OPTIMIZATION_LEVEL = "-Onone";
			};
			name = Debug;
		};
		11A45061262AF87E003B085E /* Release */ = {
			isa = XCBuildConfiguration;
			buildSettings = {
				ALWAYS_SEARCH_USER_PATHS = NO;
				CLANG_ANALYZER_NONNULL = YES;
				CLANG_ANALYZER_NUMBER_OBJECT_CONVERSION = YES_AGGRESSIVE;
				CLANG_CXX_LANGUAGE_STANDARD = "gnu++14";
				CLANG_CXX_LIBRARY = "libc++";
				CLANG_ENABLE_MODULES = YES;
				CLANG_ENABLE_OBJC_ARC = YES;
				CLANG_ENABLE_OBJC_WEAK = YES;
				CLANG_WARN_BLOCK_CAPTURE_AUTORELEASING = YES;
				CLANG_WARN_BOOL_CONVERSION = YES;
				CLANG_WARN_COMMA = YES;
				CLANG_WARN_CONSTANT_CONVERSION = YES;
				CLANG_WARN_DEPRECATED_OBJC_IMPLEMENTATIONS = YES;
				CLANG_WARN_DIRECT_OBJC_ISA_USAGE = YES_ERROR;
				CLANG_WARN_DOCUMENTATION_COMMENTS = YES;
				CLANG_WARN_EMPTY_BODY = YES;
				CLANG_WARN_ENUM_CONVERSION = YES;
				CLANG_WARN_INFINITE_RECURSION = YES;
				CLANG_WARN_INT_CONVERSION = YES;
				CLANG_WARN_NON_LITERAL_NULL_CONVERSION = YES;
				CLANG_WARN_OBJC_IMPLICIT_RETAIN_SELF = YES;
				CLANG_WARN_OBJC_LITERAL_CONVERSION = YES;
				CLANG_WARN_OBJC_ROOT_CLASS = YES_ERROR;
				CLANG_WARN_QUOTED_INCLUDE_IN_FRAMEWORK_HEADER = YES;
				CLANG_WARN_RANGE_LOOP_ANALYSIS = YES;
				CLANG_WARN_STRICT_PROTOTYPES = YES;
				CLANG_WARN_SUSPICIOUS_MOVE = YES;
				CLANG_WARN_UNGUARDED_AVAILABILITY = YES_AGGRESSIVE;
				CLANG_WARN_UNREACHABLE_CODE = YES;
				CLANG_WARN__DUPLICATE_METHOD_MATCH = YES;
				COPY_PHASE_STRIP = NO;
				DEBUG_INFORMATION_FORMAT = "dwarf-with-dsym";
				ENABLE_NS_ASSERTIONS = NO;
				ENABLE_STRICT_OBJC_MSGSEND = YES;
				GCC_C_LANGUAGE_STANDARD = gnu11;
				GCC_NO_COMMON_BLOCKS = YES;
				GCC_WARN_64_TO_32_BIT_CONVERSION = YES;
				GCC_WARN_ABOUT_RETURN_TYPE = YES_ERROR;
				GCC_WARN_UNDECLARED_SELECTOR = YES;
				GCC_WARN_UNINITIALIZED_AUTOS = YES_AGGRESSIVE;
				GCC_WARN_UNUSED_FUNCTION = YES;
				GCC_WARN_UNUSED_VARIABLE = YES;
				IPHONEOS_DEPLOYMENT_TARGET = 14.4;
				MTL_ENABLE_DEBUG_INFO = NO;
				MTL_FAST_MATH = YES;
				SDKROOT = iphoneos;
				SWIFT_COMPILATION_MODE = wholemodule;
				SWIFT_OPTIMIZATION_LEVEL = "-O";
				VALIDATE_PRODUCT = YES;
			};
			name = Release;
		};
		11A45063262AF87E003B085E /* Debug */ = {
			isa = XCBuildConfiguration;
			buildSettings = {
				ASSETCATALOG_COMPILER_APPICON_NAME = AppIcon;
				ASSETCATALOG_COMPILER_GLOBAL_ACCENT_COLOR_NAME = AccentColor;
				CODE_SIGN_STYLE = Automatic;
				INFOPLIST_FILE = "I am Poor/Info.plist";
				IPHONEOS_DEPLOYMENT_TARGET = 13.0;
				LD_RUNPATH_SEARCH_PATHS = (
					"$(inherited)",
					"@executable_path/Frameworks",
				);
				PRODUCT_BUNDLE_IDENTIFIER = "com.natanielmarmucki.I-am-Poor";
				PRODUCT_NAME = "$(TARGET_NAME)";
				SWIFT_VERSION = 5.0;
				TARGETED_DEVICE_FAMILY = 1;
			};
			name = Debug;
		};
		11A45064262AF87E003B085E /* Release */ = {
			isa = XCBuildConfiguration;
			buildSettings = {
				ASSETCATALOG_COMPILER_APPICON_NAME = AppIcon;
				ASSETCATALOG_COMPILER_GLOBAL_ACCENT_COLOR_NAME = AccentColor;
				CODE_SIGN_STYLE = Automatic;
				INFOPLIST_FILE = "I am Poor/Info.plist";
				IPHONEOS_DEPLOYMENT_TARGET = 13.0;
				LD_RUNPATH_SEARCH_PATHS = (
					"$(inherited)",
					"@executable_path/Frameworks",
				);
				PRODUCT_BUNDLE_IDENTIFIER = "com.natanielmarmucki.I-am-Poor";
				PRODUCT_NAME = "$(TARGET_NAME)";
				SWIFT_VERSION = 5.0;
				TARGETED_DEVICE_FAMILY = 1;
			};
			name = Release;
		};
		11A45066262AF87E003B085E /* Debug */ = {
			isa = XCBuildConfiguration;
			buildSettings = {
				ALWAYS_EMBED_SWIFT_STANDARD_LIBRARIES = YES;
				BUNDLE_LOADER = "$(TEST_HOST)";
				CODE_SIGN_STYLE = Automatic;
				INFOPLIST_FILE = "I am PoorTests/Info.plist";
				IPHONEOS_DEPLOYMENT_TARGET = 14.4;
				LD_RUNPATH_SEARCH_PATHS = (
					"$(inherited)",
					"@executable_path/Frameworks",
					"@loader_path/Frameworks",
				);
				PRODUCT_BUNDLE_IDENTIFIER = "com.natanielmarmucki.I-am-PoorTests";
				PRODUCT_NAME = "$(TARGET_NAME)";
				SWIFT_VERSION = 5.0;
				TARGETED_DEVICE_FAMILY = "1,2";
				TEST_HOST = "$(BUILT_PRODUCTS_DIR)/I am Poor.app/I am Poor";
			};
			name = Debug;
		};
		11A45067262AF87E003B085E /* Release */ = {
			isa = XCBuildConfiguration;
			buildSettings = {
				ALWAYS_EMBED_SWIFT_STANDARD_LIBRARIES = YES;
				BUNDLE_LOADER = "$(TEST_HOST)";
				CODE_SIGN_STYLE = Automatic;
				INFOPLIST_FILE = "I am PoorTests/Info.plist";
				IPHONEOS_DEPLOYMENT_TARGET = 14.4;
				LD_RUNPATH_SEARCH_PATHS = (
					"$(inherited)",
					"@executable_path/Frameworks",
					"@loader_path/Frameworks",
				);
				PRODUCT_BUNDLE_IDENTIFIER = "com.natanielmarmucki.I-am-PoorTests";
				PRODUCT_NAME = "$(TARGET_NAME)";
				SWIFT_VERSION = 5.0;
				TARGETED_DEVICE_FAMILY = "1,2";
				TEST_HOST = "$(BUILT_PRODUCTS_DIR)/I am Poor.app/I am Poor";
			};
			name = Release;
		};
		11A45069262AF87E003B085E /* Debug */ = {
			isa = XCBuildConfiguration;
			buildSettings = {
				ALWAYS_EMBED_SWIFT_STANDARD_LIBRARIES = YES;
				CODE_SIGN_STYLE = Automatic;
				INFOPLIST_FILE = "I am PoorUITests/Info.plist";
				LD_RUNPATH_SEARCH_PATHS = (
					"$(inherited)",
					"@executable_path/Frameworks",
					"@loader_path/Frameworks",
				);
				PRODUCT_BUNDLE_IDENTIFIER = "com.natanielmarmucki.I-am-PoorUITests";
				PRODUCT_NAME = "$(TARGET_NAME)";
				SWIFT_VERSION = 5.0;
				TARGETED_DEVICE_FAMILY = "1,2";
				TEST_TARGET_NAME = "I am Poor";
			};
			name = Debug;
		};
		11A4506A262AF87E003B085E /* Release */ = {
			isa = XCBuildConfiguration;
			buildSettings = {
				ALWAYS_EMBED_SWIFT_STANDARD_LIBRARIES = YES;
				CODE_SIGN_STYLE = Automatic;
				INFOPLIST_FILE = "I am PoorUITests/Info.plist";
				LD_RUNPATH_SEARCH_PATHS = (
					"$(inherited)",
					"@executable_path/Frameworks",
					"@loader_path/Frameworks",
				);
				PRODUCT_BUNDLE_IDENTIFIER = "com.natanielmarmucki.I-am-PoorUITests";
				PRODUCT_NAME = "$(TARGET_NAME)";
				SWIFT_VERSION = 5.0;
				TARGETED_DEVICE_FAMILY = "1,2";
				TEST_TARGET_NAME = "I am Poor";
			};
			name = Release;
		};
/* End XCBuildConfiguration section */

/* Begin XCConfigurationList section */
		11A45033262AF87A003B085E /* Build configuration list for PBXProject "I am Poor" */ = {
			isa = XCConfigurationList;
			buildConfigurations = (
				11A45060262AF87E003B085E /* Debug */,
				11A45061262AF87E003B085E /* Release */,
			);
			defaultConfigurationIsVisible = 0;
			defaultConfigurationName = Release;
		};
		11A45062262AF87E003B085E /* Build configuration list for PBXNativeTarget "I am Poor" */ = {
			isa = XCConfigurationList;
			buildConfigurations = (
				11A45063262AF87E003B085E /* Debug */,
				11A45064262AF87E003B085E /* Release */,
			);
			defaultConfigurationIsVisible = 0;
			defaultConfigurationName = Release;
		};
		11A45065262AF87E003B085E /* Build configuration list for PBXNativeTarget "I am PoorTests" */ = {
			isa = XCConfigurationList;
			buildConfigurations = (
				11A45066262AF87E003B085E /* Debug */,
				11A45067262AF87E003B085E /* Release */,
			);
			defaultConfigurationIsVisible = 0;
			defaultConfigurationName = Release;
		};
		11A45068262AF87E003B085E /* Build configuration list for PBXNativeTarget "I am PoorUITests" */ = {
			isa = XCConfigurationList;
			buildConfigurations = (
				11A45069262AF87E003B085E /* Debug */,
				11A4506A262AF87E003B085E /* Release */,
			);
			defaultConfigurationIsVisible = 0;
			defaultConfigurationName = Release;
		};
/* End XCConfigurationList section */
	};
	rootObject = 11A45030262AF87A003B085E /* Project object */;
}
